
Microsoft Visual Studio Solution File, Format Version 12.00
# Visual Studio 14
VisualStudioVersion = 14.0.25420.1
MinimumVisualStudioVersion = 10.0.40219.1
Project("{8BB2217D-0F2D-49D1-97BC-3654ED321F3B}") = "Metering.Station.Main", "Metering.Station.Main\Metering.Station.Main.xproj", "{535F1736-E364-42BB-A4E4-111DE0325B22}"
EndProject
Project("{8BB2217D-0F2D-49D1-97BC-3654ED321F3B}") = "Metering.Station.Core", "Metering.Station.Core\Metering.Station.Core.xproj", "{665AD07E-DD1C-45A2-A12A-BD516B1155EC}"
EndProject
Project("{8BB2217D-0F2D-49D1-97BC-3654ED321F3B}") = "Metering.Station.Sds011", "Metering.Station.Sds011\Metering.Station.Sds011.xproj", "{198FE3B1-92E8-4FFE-B614-32C847CD0208}"
EndProject
Project("{8BB2217D-0F2D-49D1-97BC-3654ED321F3B}") = "Metering.Station.Test.Unit", "Metering.Station.Test.Unit\Metering.Station.Test.Unit.xproj", "{4B593F6B-2BB0-4C3A-A08C-F9BFB4E129EE}"
EndProject
Project("{8BB2217D-0F2D-49D1-97BC-3654ED321F3B}") = "Metering.Station.Api", "Metering.Station.Api\Metering.Station.Api.xproj", "{772CED3C-5AD2-402A-ACFA-26AA82E90A9B}"
EndProject
Global
	GlobalSection(SolutionConfigurationPlatforms) = preSolution
		Debug|Any CPU = Debug|Any CPU
		Release|Any CPU = Release|Any CPU
	EndGlobalSection
	GlobalSection(ProjectConfigurationPlatforms) = postSolution
		{535F1736-E364-42BB-A4E4-111DE0325B22}.Debug|Any CPU.ActiveCfg = Debug|Any CPU
		{535F1736-E364-42BB-A4E4-111DE0325B22}.Debug|Any CPU.Build.0 = Debug|Any CPU
		{535F1736-E364-42BB-A4E4-111DE0325B22}.Release|Any CPU.ActiveCfg = Release|Any CPU
		{535F1736-E364-42BB-A4E4-111DE0325B22}.Release|Any CPU.Build.0 = Release|Any CPU
		{665AD07E-DD1C-45A2-A12A-BD516B1155EC}.Debug|Any CPU.ActiveCfg = Debug|Any CPU
		{665AD07E-DD1C-45A2-A12A-BD516B1155EC}.Debug|Any CPU.Build.0 = Debug|Any CPU
		{665AD07E-DD1C-45A2-A12A-BD516B1155EC}.Release|Any CPU.ActiveCfg = Release|Any CPU
		{665AD07E-DD1C-45A2-A12A-BD516B1155EC}.Release|Any CPU.Build.0 = Release|Any CPU
		{198FE3B1-92E8-4FFE-B614-32C847CD0208}.Debug|Any CPU.ActiveCfg = Debug|Any CPU
		{198FE3B1-92E8-4FFE-B614-32C847CD0208}.Debug|Any CPU.Build.0 = Debug|Any CPU
		{198FE3B1-92E8-4FFE-B614-32C847CD0208}.Release|Any CPU.ActiveCfg = Release|Any CPU
		{198FE3B1-92E8-4FFE-B614-32C847CD0208}.Release|Any CPU.Build.0 = Release|Any CPU
		{4B593F6B-2BB0-4C3A-A08C-F9BFB4E129EE}.Debug|Any CPU.ActiveCfg = Debug|Any CPU
		{4B593F6B-2BB0-4C3A-A08C-F9BFB4E129EE}.Debug|Any CPU.Build.0 = Debug|Any CPU
		{4B593F6B-2BB0-4C3A-A08C-F9BFB4E129EE}.Release|Any CPU.ActiveCfg = Release|Any CPU
		{4B593F6B-2BB0-4C3A-A08C-F9BFB4E129EE}.Release|Any CPU.Build.0 = Release|Any CPU
		{772CED3C-5AD2-402A-ACFA-26AA82E90A9B}.Debug|Any CPU.ActiveCfg = Debug|Any CPU
		{772CED3C-5AD2-402A-ACFA-26AA82E90A9B}.Debug|Any CPU.Build.0 = Debug|Any CPU
		{772CED3C-5AD2-402A-ACFA-26AA82E90A9B}.Release|Any CPU.ActiveCfg = Release|Any CPU
		{772CED3C-5AD2-402A-ACFA-26AA82E90A9B}.Release|Any CPU.Build.0 = Release|Any CPU
	EndGlobalSection
	GlobalSection(SolutionProperties) = preSolution
		HideSolutionNode = FALSE
	EndGlobalSection
EndGlobal
